
Microsoft Visual Studio Solution File, Format Version 12.00
Project("{FAE04EC0-301F-11D3-BF4B-00C04F79EFBC}") = "QueueTest3", "QueueTest3\QueueTest3.csproj", "{0B4125E8-F31E-4A24-B996-B11B2432EFC8}"
EndProject
Global
	GlobalSection(SolutionConfigurationPlatforms) = preSolution
		Debug|Any CPU = Debug|Any CPU
		Release|Any CPU = Release|Any CPU
	EndGlobalSection
	GlobalSection(ProjectConfigurationPlatforms) = postSolution
		{0B4125E8-F31E-4A24-B996-B11B2432EFC8}.Debug|Any CPU.ActiveCfg = Debug|Any CPU
		{0B4125E8-F31E-4A24-B996-B11B2432EFC8}.Debug|Any CPU.Build.0 = Debug|Any CPU
		{0B4125E8-F31E-4A24-B996-B11B2432EFC8}.Release|Any CPU.ActiveCfg = Release|Any CPU
		{0B4125E8-F31E-4A24-B996-B11B2432EFC8}.Release|Any CPU.Build.0 = Release|Any CPU
	EndGlobalSection
EndGlobal
